// !$*UTF8*$!
{
	archiveVersion = 1;
	classes = {
	};
	objectVersion = 46;
	objects = {

/* Begin PBXBuildFile section */
		7DCFDF0E1B8F08F0006CE747 /* AppDelegate.swift in Sources */ = {isa = PBXBuildFile; fileRef = 7DCFDF0D1B8F08F0006CE747 /* AppDelegate.swift */; };
		7DCFDF101B8F08F0006CE747 /* ViewController.swift in Sources */ = {isa = PBXBuildFile; fileRef = 7DCFDF0F1B8F08F0006CE747 /* ViewController.swift */; };
		7DCFDF131B8F08F0006CE747 /* Main.storyboard in Resources */ = {isa = PBXBuildFile; fileRef = 7DCFDF111B8F08F0006CE747 /* Main.storyboard */; };
		7DCFDF151B8F08F0006CE747 /* Images.xcassets in Resources */ = {isa = PBXBuildFile; fileRef = 7DCFDF141B8F08F0006CE747 /* Images.xcassets */; };
		7DCFDF181B8F08F0006CE747 /* LaunchScreen.xib in Resources */ = {isa = PBXBuildFile; fileRef = 7DCFDF161B8F08F0006CE747 /* LaunchScreen.xib */; };
		7DCFDF241B8F08F0006CE747 /* rotateViewTests.swift in Sources */ = {isa = PBXBuildFile; fileRef = 7DCFDF231B8F08F0006CE747 /* rotateViewTests.swift */; };
/* End PBXBuildFile section */

/* Begin PBXContainerItemProxy section */
		7DCFDF1E1B8F08F0006CE747 /* PBXContainerItemProxy */ = {
			isa = PBXContainerItemProxy;
			containerPortal = 7DCFDF001B8F08F0006CE747 /* Project object */;
			proxyType = 1;
			remoteGlobalIDString = 7DCFDF071B8F08F0006CE747;
			remoteInfo = rotateView;
		};
/* End PBXContainerItemProxy section */

/* Begin PBXFileReference section */
		7DCFDF081B8F08F0006CE747 /* rotateView.app */ = {isa = PBXFileReference; explicitFileType = wrapper.application; includeInIndex = 0; path = rotateView.app; sourceTree = BUILT_PRODUCTS_DIR; };
		7DCFDF0C1B8F08F0006CE747 /* Info.plist */ = {isa = PBXFileReference; lastKnownFileType = text.plist.xml; path = Info.plist; sourceTree = "<group>"; };
		7DCFDF0D1B8F08F0006CE747 /* AppDelegate.swift */ = {isa = PBXFileReference; lastKnownFileType = sourcecode.swift; path = AppDelegate.swift; sourceTree = "<group>"; };
		7DCFDF0F1B8F08F0006CE747 /* ViewController.swift */ = {isa = PBXFileReference; lastKnownFileType = sourcecode.swift; path = ViewController.swift; sourceTree = "<group>"; };
		7DCFDF121B8F08F0006CE747 /* Base */ = {isa = PBXFileReference; lastKnownFileType = file.storyboard; name = Base; path = Base.lproj/Main.storyboard; sourceTree = "<group>"; };
		7DCFDF141B8F08F0006CE747 /* Images.xcassets */ = {isa = PBXFileReference; lastKnownFileType = folder.assetcatalog; path = Images.xcassets; sourceTree = "<group>"; };
		7DCFDF171B8F08F0006CE747 /* Base */ = {isa = PBXFileReference; lastKnownFileType = file.xib; name = Base; path = Base.lproj/LaunchScreen.xib; sourceTree = "<group>"; };
		7DCFDF1D1B8F08F0006CE747 /* rotateViewTests.xctest */ = {isa = PBXFileReference; explicitFileType = wrapper.cfbundle; includeInIndex = 0; path = rotateViewTests.xctest; sourceTree = BUILT_PRODUCTS_DIR; };
		7DCFDF221B8F08F0006CE747 /* Info.plist */ = {isa = PBXFileReference; lastKnownFileType = text.plist.xml; path = Info.plist; sourceTree = "<group>"; };
		7DCFDF231B8F08F0006CE747 /* rotateViewTests.swift */ = {isa = PBXFileReference; lastKnownFileType = sourcecode.swift; path = rotateViewTests.swift; sourceTree = "<group>"; };
/* End PBXFileReference section */

/* Begin PBXFrameworksBuildPhase section */
		7DCFDF051B8F08F0006CE747 /* Frameworks */ = {
			isa = PBXFrameworksBuildPhase;
			buildActionMask = 2147483647;
			files = (
			);
			runOnlyForDeploymentPostprocessing = 0;
		};
		7DCFDF1A1B8F08F0006CE747 /* Frameworks */ = {
			isa = PBXFrameworksBuildPhase;
			buildActionMask = 2147483647;
			files = (
			);
			runOnlyForDeploymentPostprocessing = 0;
		};
/* End PBXFrameworksBuildPhase section */

/* Begin PBXGroup section */
		7DCFDEFF1B8F08F0006CE747 = {
			isa = PBXGroup;
			children = (
				7DCFDF0A1B8F08F0006CE747 /* rotateView */,
				7DCFDF201B8F08F0006CE747 /* rotateViewTests */,
				7DCFDF091B8F08F0006CE747 /* Products */,
			);
			sourceTree = "<group>";
		};
		7DCFDF091B8F08F0006CE747 /* Products */ = {
			isa = PBXGroup;
			children = (
				7DCFDF081B8F08F0006CE747 /* rotateView.app */,
				7DCFDF1D1B8F08F0006CE747 /* rotateViewTests.xctest */,
			);
			name = Products;
			sourceTree = "<group>";
		};
		7DCFDF0A1B8F08F0006CE747 /* rotateView */ = {
			isa = PBXGroup;
			children = (
				7DCFDF0D1B8F08F0006CE747 /* AppDelegate.swift */,
				7DCFDF0F1B8F08F0006CE747 /* ViewController.swift */,
				7DCFDF111B8F08F0006CE747 /* Main.storyboard */,
				7DCFDF141B8F08F0006CE747 /* Images.xcassets */,
				7DCFDF161B8F08F0006CE747 /* LaunchScreen.xib */,
				7DCFDF0B1B8F08F0006CE747 /* Supporting Files */,
			);
			path = rotateView;
			sourceTree = "<group>";
		};
		7DCFDF0B1B8F08F0006CE747 /* Supporting Files */ = {
			isa = PBXGroup;
			children = (
				7DCFDF0C1B8F08F0006CE747 /* Info.plist */,
			);
			name = "Supporting Files";
			sourceTree = "<group>";
		};
		7DCFDF201B8F08F0006CE747 /* rotateViewTests */ = {
			isa = PBXGroup;
			children = (
				7DCFDF231B8F08F0006CE747 /* rotateViewTests.swift */,
				7DCFDF211B8F08F0006CE747 /* Supporting Files */,
			);
			path = rotateViewTests;
			sourceTree = "<group>";
		};
		7DCFDF211B8F08F0006CE747 /* Supporting Files */ = {
			isa = PBXGroup;
			children = (
				7DCFDF221B8F08F0006CE747 /* Info.plist */,
			);
			name = "Supporting Files";
			sourceTree = "<group>";
		};
/* End PBXGroup section */

/* Begin PBXNativeTarget section */
		7DCFDF071B8F08F0006CE747 /* rotateView */ = {
			isa = PBXNativeTarget;
			buildConfigurationList = 7DCFDF271B8F08F0006CE747 /* Build configuration list for PBXNativeTarget "rotateView" */;
			buildPhases = (
				7DCFDF041B8F08F0006CE747 /* Sources */,
				7DCFDF051B8F08F0006CE747 /* Frameworks */,
				7DCFDF061B8F08F0006CE747 /* Resources */,
			);
			buildRules = (
			);
			dependencies = (
			);
			name = rotateView;
			productName = rotateView;
			productReference = 7DCFDF081B8F08F0006CE747 /* rotateView.app */;
			productType = "com.apple.product-type.application";
		};
		7DCFDF1C1B8F08F0006CE747 /* rotateViewTests */ = {
			isa = PBXNativeTarget;
			buildConfigurationList = 7DCFDF2A1B8F08F0006CE747 /* Build configuration list for PBXNativeTarget "rotateViewTests" */;
			buildPhases = (
				7DCFDF191B8F08F0006CE747 /* Sources */,
				7DCFDF1A1B8F08F0006CE747 /* Frameworks */,
				7DCFDF1B1B8F08F0006CE747 /* Resources */,
			);
			buildRules = (
			);
			dependencies = (
				7DCFDF1F1B8F08F0006CE747 /* PBXTargetDependency */,
			);
			name = rotateViewTests;
			productName = rotateViewTests;
			productReference = 7DCFDF1D1B8F08F0006CE747 /* rotateViewTests.xctest */;
			productType = "com.apple.product-type.bundle.unit-test";
		};
/* End PBXNativeTarget section */

/* Begin PBXProject section */
		7DCFDF001B8F08F0006CE747 /* Project object */ = {
			isa = PBXProject;
			attributes = {
				LastUpgradeCheck = 0640;
				ORGANIZATIONNAME = "Maysam Shahsavari";
				TargetAttributes = {
					7DCFDF071B8F08F0006CE747 = {
						CreatedOnToolsVersion = 6.4;
					};
					7DCFDF1C1B8F08F0006CE747 = {
						CreatedOnToolsVersion = 6.4;
						TestTargetID = 7DCFDF071B8F08F0006CE747;
					};
				};
			};
			buildConfigurationList = 7DCFDF031B8F08F0006CE747 /* Build configuration list for PBXProject "rotateView" */;
			compatibilityVersion = "Xcode 3.2";
			developmentRegion = English;
			hasScannedForEncodings = 0;
			knownRegions = (
				en,
				Base,
			);
			mainGroup = 7DCFDEFF1B8F08F0006CE747;
			productRefGroup = 7DCFDF091B8F08F0006CE747 /* Products */;
			projectDirPath = "";
			projectRoot = "";
			targets = (
				7DCFDF071B8F08F0006CE747 /* rotateView */,
				7DCFDF1C1B8F08F0006CE747 /* rotateViewTests */,
			);
		};
/* End PBXProject section */

/* Begin PBXResourcesBuildPhase section */
		7DCFDF061B8F08F0006CE747 /* Resources */ = {
			isa = PBXResourcesBuildPhase;
			buildActionMask = 2147483647;
			files = (
				7DCFDF131B8F08F0006CE747 /* Main.storyboard in Resources */,
				7DCFDF181B8F08F0006CE747 /* LaunchScreen.xib in Resources */,
				7DCFDF151B8F08F0006CE747 /* Images.xcassets in Resources */,
			);
			runOnlyForDeploymentPostprocessing = 0;
		};
		7DCFDF1B1B8F08F0006CE747 /* Resources */ = {
			isa = PBXResourcesBuildPhase;
			buildActionMask = 2147483647;
			files = (
			);
			runOnlyForDeploymentPostprocessing = 0;
		};
/* End PBXResourcesBuildPhase section */

/* Begin PBXSourcesBuildPhase section */
		7DCFDF041B8F08F0006CE747 /* Sources */ = {
			isa = PBXSourcesBuildPhase;
			buildActionMask = 2147483647;
			files = (
				7DCFDF101B8F08F0006CE747 /* ViewController.swift in Sources */,
				7DCFDF0E1B8F08F0006CE747 /* AppDelegate.swift in Sources */,
			);
			runOnlyForDeploymentPostprocessing = 0;
		};
		7DCFDF191B8F08F0006CE747 /* Sources */ = {
			isa = PBXSourcesBuildPhase;
			buildActionMask = 2147483647;
			files = (
				7DCFDF241B8F08F0006CE747 /* rotateViewTests.swift in Sources */,
			);
			runOnlyForDeploymentPostprocessing = 0;
		};
/* End PBXSourcesBuildPhase section */

/* Begin PBXTargetDependency section */
		7DCFDF1F1B8F08F0006CE747 /* PBXTargetDependency */ = {
			isa = PBXTargetDependency;
			target = 7DCFDF071B8F08F0006CE747 /* rotateView */;
			targetProxy = 7DCFDF1E1B8F08F0006CE747 /* PBXContainerItemProxy */;
		};
/* End PBXTargetDependency section */

/* Begin PBXVariantGroup section */
		7DCFDF111B8F08F0006CE747 /* Main.storyboard */ = {
			isa = PBXVariantGroup;
			children = (
				7DCFDF121B8F08F0006CE747 /* Base */,
			);
			name = Main.storyboard;
			sourceTree = "<group>";
		};
		7DCFDF161B8F08F0006CE747 /* LaunchScreen.xib */ = {
			isa = PBXVariantGroup;
			children = (
				7DCFDF171B8F08F0006CE747 /* Base */,
			);
			name = LaunchScreen.xib;
			sourceTree = "<group>";
		};
/* End PBXVariantGroup section */

/* Begin XCBuildConfiguration section */
		7DCFDF251B8F08F0006CE747 /* Debug */ = {
			isa = XCBuildConfiguration;
			buildSettings = {
				ALWAYS_SEARCH_USER_PATHS = NO;
				CLANG_CXX_LANGUAGE_STANDARD = "gnu++0x";
				CLANG_CXX_LIBRARY = "libc++";
				CLANG_ENABLE_MODULES = YES;
				CLANG_ENABLE_OBJC_ARC = YES;
				CLANG_WARN_BOOL_CONVERSION = YES;
				CLANG_WARN_CONSTANT_CONVERSION = YES;
				CLANG_WARN_DIRECT_OBJC_ISA_USAGE = YES_ERROR;
				CLANG_WARN_EMPTY_BODY = YES;
				CLANG_WARN_ENUM_CONVERSION = YES;
				CLANG_WARN_INT_CONVERSION = YES;
				CLANG_WARN_OBJC_ROOT_CLASS = YES_ERROR;
				CLANG_WARN_UNREACHABLE_CODE = YES;
				CLANG_WARN__DUPLICATE_METHOD_MATCH = YES;
				"CODE_SIGN_IDENTITY[sdk=iphoneos*]" = "iPhone Developer";
				COPY_PHASE_STRIP = NO;
				DEBUG_INFORMATION_FORMAT = "dwarf-with-dsym";
				ENABLE_STRICT_OBJC_MSGSEND = YES;
				GCC_C_LANGUAGE_STANDARD = gnu99;
				GCC_DYNAMIC_NO_PIC = NO;
				GCC_NO_COMMON_BLOCKS = YES;
				GCC_OPTIMIZATION_LEVEL = 0;
				GCC_PREPROCESSOR_DEFINITIONS = (
					"DEBUG=1",
					"$(inherited)",
				);
				GCC_SYMBOLS_PRIVATE_EXTERN = NO;
				GCC_WARN_64_TO_32_BIT_CONVERSION = YES;
				GCC_WARN_ABOUT_RETURN_TYPE = YES_ERROR;
				GCC_WARN_UNDECLARED_SELECTOR = YES;
				GCC_WARN_UNINITIALIZED_AUTOS = YES_AGGRESSIVE;
				GCC_WARN_UNUSED_FUNCTION = YES;
				GCC_WARN_UNUSED_VARIABLE = YES;
				IPHONEOS_DEPLOYMENT_TARGET = 8.4;
				MTL_ENABLE_DEBUG_INFO = YES;
				ONLY_ACTIVE_ARCH = YES;
				SDKROOT = iphoneos;
				SWIFT_OPTIMIZATION_LEVEL = "-Onone";
				TARGETED_DEVICE_FAMILY = 2;
			};
			name = Debug;
		};
		7DCFDF261B8F08F0006CE747 /* Release */ = {
			isa = XCBuildConfiguration;
			buildSettings = {
				ALWAYS_SEARCH_USER_PATHS = NO;
				CLANG_CXX_LANGUAGE_STANDARD = "gnu++0x";
				CLANG_CXX_LIBRARY = "libc++";
				CLANG_ENABLE_MODULES = YES;
				CLANG_ENABLE_OBJC_ARC = YES;
				CLANG_WARN_BOOL_CONVERSION = YES;
				CLANG_WARN_CONSTANT_CONVERSION = YES;
				CLANG_WARN_DIRECT_OBJC_ISA_USAGE = YES_ERROR;
				CLANG_WARN_EMPTY_BODY = YES;
				CLANG_WARN_ENUM_CONVERSION = YES;
				CLANG_WARN_INT_CONVERSION = YES;
				CLANG_WARN_OBJC_ROOT_CLASS = YES_ERROR;
				CLANG_WARN_UNREACHABLE_CODE = YES;
				CLANG_WARN__DUPLICATE_METHOD_MATCH = YES;
				"CODE_SIGN_IDENTITY[sdk=iphoneos*]" = "iPhone Developer";
				COPY_PHASE_STRIP = NO;
				DEBUG_INFORMATION_FORMAT = "dwarf-with-dsym";
				ENABLE_NS_ASSERTIONS = NO;
				ENABLE_STRICT_OBJC_MSGSEND = YES;
				GCC_C_LANGUAGE_STANDARD = gnu99;
				GCC_NO_COMMON_BLOCKS = YES;
				GCC_WARN_64_TO_32_BIT_CONVERSION = YES;
				GCC_WARN_ABOUT_RETURN_TYPE = YES_ERROR;
				GCC_WARN_UNDECLARED_SELECTOR = YES;
				GCC_WARN_UNINITIALIZED_AUTOS = YES_AGGRESSIVE;
				GCC_WARN_UNUSED_FUNCTION = YES;
				GCC_WARN_UNUSED_VARIABLE = YES;
				IPHONEOS_DEPLOYMENT_TARGET = 8.4;
				MTL_ENABLE_DEBUG_INFO = NO;
				SDKROOT = iphoneos;
				TARGETED_DEVICE_FAMILY = 2;
				VALIDATE_PRODUCT = YES;
			};
			name = Release;
		};
		7DCFDF281B8F08F0006CE747 /* Debug */ = {
			isa = XCBuildConfiguration;
			buildSettings = {
				ASSETCATALOG_COMPILER_APPICON_NAME = AppIcon;
				INFOPLIST_FILE = rotateView/Info.plist;
				LD_RUNPATH_SEARCH_PATHS = "$(inherited) @executable_path/Frameworks";
				PRODUCT_NAME = "$(TARGET_NAME)";
			};
			name = Debug;
		};
		7DCFDF291B8F08F0006CE747 /* Release */ = {
			isa = XCBuildConfiguration;
			buildSettings = {
				ASSETCATALOG_COMPILER_APPICON_NAME = AppIcon;
				INFOPLIST_FILE = rotateView/Info.plist;
				LD_RUNPATH_SEARCH_PATHS = "$(inherited) @executable_path/Frameworks";
				PRODUCT_NAME = "$(TARGET_NAME)";
			};
			name = Release;
		};
		7DCFDF2B1B8F08F0006CE747 /* Debug */ = {
			isa = XCBuildConfiguration;
			buildSettings = {
				BUNDLE_LOADER = "$(TEST_HOST)";
				FRAMEWORK_SEARCH_PATHS = (
					"$(SDKROOT)/Developer/Library/Frameworks",
					"$(inherited)",
				);
				GCC_PREPROCESSOR_DEFINITIONS = (
					"DEBUG=1",
					"$(inherited)",
				);
				INFOPLIST_FILE = rotateViewTests/Info.plist;
				LD_RUNPATH_SEARCH_PATHS = "$(inherited) @executable_path/Frameworks @loader_path/Frameworks";
				PRODUCT_NAME = "$(TARGET_NAME)";
				TEST_HOST = "$(BUILT_PRODUCTS_DIR)/rotateView.app/rotateView";
			};
			name = Debug;
		};
		7DCFDF2C1B8F08F0006CE747 /* Release */ = {
			isa = XCBuildConfiguration;
			buildSettings = {
				BUNDLE_LOADER = "$(TEST_HOST)";
				FRAMEWORK_SEARCH_PATHS = (
					"$(SDKROOT)/Developer/Library/Frameworks",
					"$(inherited)",
				);
				INFOPLIST_FILE = rotateViewTests/Info.plist;
				LD_RUNPATH_SEARCH_PATHS = "$(inherited) @executable_path/Frameworks @loader_path/Frameworks";
				PRODUCT_NAME = "$(TARGET_NAME)";
				TEST_HOST = "$(BUILT_PRODUCTS_DIR)/rotateView.app/rotateView";
			};
			name = Release;
		};
/* End XCBuildConfiguration section */

/* Begin XCConfigurationList section */
		7DCFDF031B8F08F0006CE747 /* Build configuration list for PBXProject "rotateView" */ = {
			isa = XCConfigurationList;
			buildConfigurations = (
				7DCFDF251B8F08F0006CE747 /* Debug */,
				7DCFDF261B8F08F0006CE747 /* Release */,
			);
			defaultConfigurationIsVisible = 0;
			defaultConfigurationName = Release;
		};
		7DCFDF271B8F08F0006CE747 /* Build configuration list for PBXNativeTarget "rotateView" */ = {
			isa = XCConfigurationList;
			buildConfigurations = (
				7DCFDF281B8F08F0006CE747 /* Debug */,
				7DCFDF291B8F08F0006CE747 /* Release */,
			);
			defaultConfigurationIsVisible = 0;
		};
		7DCFDF2A1B8F08F0006CE747 /* Build configuration list for PBXNativeTarget "rotateViewTests" */ = {
			isa = XCConfigurationList;
			buildConfigurations = (
				7DCFDF2B1B8F08F0006CE747 /* Debug */,
				7DCFDF2C1B8F08F0006CE747 /* Release */,
			);
			defaultConfigurationIsVisible = 0;
		};
/* End XCConfigurationList section */
	};
	rootObject = 7DCFDF001B8F08F0006CE747 /* Project object */;
}
